
Microsoft Visual Studio Solution File, Format Version 12.00
# Visual Studio 2012
Project("{FAE04EC0-301F-11D3-BF4B-00C04F79EFBC}") = "Sitecore.PMoJ.Poc", "Sitecore.PMoJ.Poc\Sitecore.PMoJ.Poc.csproj", "{468D9152-1156-4C54-BD3A-C28D4B73D0BC}"
EndProject
Global
	GlobalSection(SolutionConfigurationPlatforms) = preSolution
		Debug|Any CPU = Debug|Any CPU
		Release|Any CPU = Release|Any CPU
	EndGlobalSection
	GlobalSection(ProjectConfigurationPlatforms) = postSolution
		{468D9152-1156-4C54-BD3A-C28D4B73D0BC}.Debug|Any CPU.ActiveCfg = Debug|Any CPU
		{468D9152-1156-4C54-BD3A-C28D4B73D0BC}.Debug|Any CPU.Build.0 = Debug|Any CPU
		{468D9152-1156-4C54-BD3A-C28D4B73D0BC}.Release|Any CPU.ActiveCfg = Release|Any CPU
		{468D9152-1156-4C54-BD3A-C28D4B73D0BC}.Release|Any CPU.Build.0 = Release|Any CPU
	EndGlobalSection
	GlobalSection(SolutionProperties) = preSolution
		HideSolutionNode = FALSE
	EndGlobalSection
EndGlobal
